
Microsoft Visual Studio Solution File, Format Version 12.00
# Visual Studio Version 17
VisualStudioVersion = 17.8.34316.72
MinimumVisualStudioVersion = 10.0.40219.1
Project("{FAE04EC0-301F-11D3-BF4B-00C04F79EFBC}") = "AttendanceCapture", "AttendanceCapture\AttendanceCapture.csproj", "{C5BC6EE4-98EC-4565-81D6-9DAFCB1EC9B8}"
EndProject
Global
	GlobalSection(SolutionConfigurationPlatforms) = preSolution
		Debug|Any CPU = Debug|Any CPU
		Release|Any CPU = Release|Any CPU
	EndGlobalSection
	GlobalSection(ProjectConfigurationPlatforms) = postSolution
		{C5BC6EE4-98EC-4565-81D6-9DAFCB1EC9B8}.Debug|Any CPU.ActiveCfg = Debug|Any CPU
		{C5BC6EE4-98EC-4565-81D6-9DAFCB1EC9B8}.Debug|Any CPU.Build.0 = Debug|Any CPU
		{C5BC6EE4-98EC-4565-81D6-9DAFCB1EC9B8}.Release|Any CPU.ActiveCfg = Release|Any CPU
		{C5BC6EE4-98EC-4565-81D6-9DAFCB1EC9B8}.Release|Any CPU.Build.0 = Release|Any CPU
	EndGlobalSection
	GlobalSection(SolutionProperties) = preSolution
		HideSolutionNode = FALSE
	EndGlobalSection
	GlobalSection(ExtensibilityGlobals) = postSolution
		SolutionGuid = {B57DA949-F611-4424-BF4E-FC11134963FB}
	EndGlobalSection
EndGlobal
